
Microsoft Visual Studio Solution File, Format Version 12.00
# Visual Studio Version 16
VisualStudioVersion = 16.0.31410.223
MinimumVisualStudioVersion = 10.0.40219.1
Project("{9A19103F-16F7-4668-BE54-9A1E7A4F7556}") = "TestForOnlyOffice", "TestForOnlyOffice\TestForOnlyOffice.csproj", "{B73081C7-22B2-49D0-8E8B-55539A9FC87C}"
EndProject
Global
	GlobalSection(SolutionConfigurationPlatforms) = preSolution
		Debug|Any CPU = Debug|Any CPU
		Release|Any CPU = Release|Any CPU
	EndGlobalSection
	GlobalSection(ProjectConfigurationPlatforms) = postSolution
		{B73081C7-22B2-49D0-8E8B-55539A9FC87C}.Debug|Any CPU.ActiveCfg = Debug|Any CPU
		{B73081C7-22B2-49D0-8E8B-55539A9FC87C}.Debug|Any CPU.Build.0 = Debug|Any CPU
		{B73081C7-22B2-49D0-8E8B-55539A9FC87C}.Release|Any CPU.ActiveCfg = Release|Any CPU
		{B73081C7-22B2-49D0-8E8B-55539A9FC87C}.Release|Any CPU.Build.0 = Release|Any CPU
	EndGlobalSection
	GlobalSection(SolutionProperties) = preSolution
		HideSolutionNode = FALSE
	EndGlobalSection
	GlobalSection(ExtensibilityGlobals) = postSolution
		SolutionGuid = {80674AC4-26CA-427B-A310-BEE39DF4CD38}
	EndGlobalSection
EndGlobal
